// !$*UTF8*$!
{
	archiveVersion = 1;
	classes = {
	};
	objectVersion = 46;
	objects = {

/* Begin PBXBuildFile section */
		3FEDEDA91E75E0E5005B79AF /* AppDelegate.swift in Sources */ = {isa = PBXBuildFile; fileRef = 3FEDEDA81E75E0E5005B79AF /* AppDelegate.swift */; };
		3FEDEDAB1E75E0E5005B79AF /* ViewController.swift in Sources */ = {isa = PBXBuildFile; fileRef = 3FEDEDAA1E75E0E5005B79AF /* ViewController.swift */; };
		3FEDEDAE1E75E0E5005B79AF /* Main.storyboard in Resources */ = {isa = PBXBuildFile; fileRef = 3FEDEDAC1E75E0E5005B79AF /* Main.storyboard */; };
		3FEDEDB01E75E0E5005B79AF /* Assets.xcassets in Resources */ = {isa = PBXBuildFile; fileRef = 3FEDEDAF1E75E0E5005B79AF /* Assets.xcassets */; };
		3FEDEDB31E75E0E5005B79AF /* LaunchScreen.storyboard in Resources */ = {isa = PBXBuildFile; fileRef = 3FEDEDB11E75E0E5005B79AF /* LaunchScreen.storyboard */; };
		3FEDEDBE1E75E0E6005B79AF /* HomeCheckTests.swift in Sources */ = {isa = PBXBuildFile; fileRef = 3FEDEDBD1E75E0E6005B79AF /* HomeCheckTests.swift */; };
		3FEDEDC91E75E0E6005B79AF /* HomeCheckUITests.swift in Sources */ = {isa = PBXBuildFile; fileRef = 3FEDEDC81E75E0E6005B79AF /* HomeCheckUITests.swift */; };
/* End PBXBuildFile section */

/* Begin PBXContainerItemProxy section */
		3FEDEDBA1E75E0E6005B79AF /* PBXContainerItemProxy */ = {
			isa = PBXContainerItemProxy;
			containerPortal = 3FEDED9D1E75E0E5005B79AF /* Project object */;
			proxyType = 1;
			remoteGlobalIDString = 3FEDEDA41E75E0E5005B79AF;
			remoteInfo = HomeCheck;
		};
		3FEDEDC51E75E0E6005B79AF /* PBXContainerItemProxy */ = {
			isa = PBXContainerItemProxy;
			containerPortal = 3FEDED9D1E75E0E5005B79AF /* Project object */;
			proxyType = 1;
			remoteGlobalIDString = 3FEDEDA41E75E0E5005B79AF;
			remoteInfo = HomeCheck;
		};
/* End PBXContainerItemProxy section */

/* Begin PBXFileReference section */
		3FEDEDA51E75E0E5005B79AF /* HomeCheck.app */ = {isa = PBXFileReference; explicitFileType = wrapper.application; includeInIndex = 0; path = HomeCheck.app; sourceTree = BUILT_PRODUCTS_DIR; };
		3FEDEDA81E75E0E5005B79AF /* AppDelegate.swift */ = {isa = PBXFileReference; lastKnownFileType = sourcecode.swift; path = AppDelegate.swift; sourceTree = "<group>"; };
		3FEDEDAA1E75E0E5005B79AF /* ViewController.swift */ = {isa = PBXFileReference; lastKnownFileType = sourcecode.swift; path = ViewController.swift; sourceTree = "<group>"; };
		3FEDEDAD1E75E0E5005B79AF /* Base */ = {isa = PBXFileReference; lastKnownFileType = file.storyboard; name = Base; path = Base.lproj/Main.storyboard; sourceTree = "<group>"; };
		3FEDEDAF1E75E0E5005B79AF /* Assets.xcassets */ = {isa = PBXFileReference; lastKnownFileType = folder.assetcatalog; path = Assets.xcassets; sourceTree = "<group>"; };
		3FEDEDB21E75E0E5005B79AF /* Base */ = {isa = PBXFileReference; lastKnownFileType = file.storyboard; name = Base; path = Base.lproj/LaunchScreen.storyboard; sourceTree = "<group>"; };
		3FEDEDB41E75E0E5005B79AF /* Info.plist */ = {isa = PBXFileReference; lastKnownFileType = text.plist.xml; path = Info.plist; sourceTree = "<group>"; };
		3FEDEDB91E75E0E6005B79AF /* HomeCheckTests.xctest */ = {isa = PBXFileReference; explicitFileType = wrapper.cfbundle; includeInIndex = 0; path = HomeCheckTests.xctest; sourceTree = BUILT_PRODUCTS_DIR; };
		3FEDEDBD1E75E0E6005B79AF /* HomeCheckTests.swift */ = {isa = PBXFileReference; lastKnownFileType = sourcecode.swift; path = HomeCheckTests.swift; sourceTree = "<group>"; };
		3FEDEDBF1E75E0E6005B79AF /* Info.plist */ = {isa = PBXFileReference; lastKnownFileType = text.plist.xml; path = Info.plist; sourceTree = "<group>"; };
		3FEDEDC41E75E0E6005B79AF /* HomeCheckUITests.xctest */ = {isa = PBXFileReference; explicitFileType = wrapper.cfbundle; includeInIndex = 0; path = HomeCheckUITests.xctest; sourceTree = BUILT_PRODUCTS_DIR; };
		3FEDEDC81E75E0E6005B79AF /* HomeCheckUITests.swift */ = {isa = PBXFileReference; lastKnownFileType = sourcecode.swift; path = HomeCheckUITests.swift; sourceTree = "<group>"; };
		3FEDEDCA1E75E0E6005B79AF /* Info.plist */ = {isa = PBXFileReference; lastKnownFileType = text.plist.xml; path = Info.plist; sourceTree = "<group>"; };
/* End PBXFileReference section */

/* Begin PBXFrameworksBuildPhase section */
		3FEDEDA21E75E0E5005B79AF /* Frameworks */ = {
			isa = PBXFrameworksBuildPhase;
			buildActionMask = 2147483647;
			files = (
			);
			runOnlyForDeploymentPostprocessing = 0;
		};
		3FEDEDB61E75E0E6005B79AF /* Frameworks */ = {
			isa = PBXFrameworksBuildPhase;
			buildActionMask = 2147483647;
			files = (
			);
			runOnlyForDeploymentPostprocessing = 0;
		};
		3FEDEDC11E75E0E6005B79AF /* Frameworks */ = {
			isa = PBXFrameworksBuildPhase;
			buildActionMask = 2147483647;
			files = (
			);
			runOnlyForDeploymentPostprocessing = 0;
		};
/* End PBXFrameworksBuildPhase section */

/* Begin PBXGroup section */
		3FEDED9C1E75E0E5005B79AF = {
			isa = PBXGroup;
			children = (
				3FEDEDA71E75E0E5005B79AF /* HomeCheck */,
				3FEDEDBC1E75E0E6005B79AF /* HomeCheckTests */,
				3FEDEDC71E75E0E6005B79AF /* HomeCheckUITests */,
				3FEDEDA61E75E0E5005B79AF /* Products */,
			);
			sourceTree = "<group>";
		};
		3FEDEDA61E75E0E5005B79AF /* Products */ = {
			isa = PBXGroup;
			children = (
				3FEDEDA51E75E0E5005B79AF /* HomeCheck.app */,
				3FEDEDB91E75E0E6005B79AF /* HomeCheckTests.xctest */,
				3FEDEDC41E75E0E6005B79AF /* HomeCheckUITests.xctest */,
			);
			name = Products;
			sourceTree = "<group>";
		};
		3FEDEDA71E75E0E5005B79AF /* HomeCheck */ = {
			isa = PBXGroup;
			children = (
				3FEDEDA81E75E0E5005B79AF /* AppDelegate.swift */,
				3FEDEDAA1E75E0E5005B79AF /* ViewController.swift */,
				3FEDEDAC1E75E0E5005B79AF /* Main.storyboard */,
				3FEDEDAF1E75E0E5005B79AF /* Assets.xcassets */,
				3FEDEDB11E75E0E5005B79AF /* LaunchScreen.storyboard */,
				3FEDEDB41E75E0E5005B79AF /* Info.plist */,
			);
			path = HomeCheck;
			sourceTree = "<group>";
		};
		3FEDEDBC1E75E0E6005B79AF /* HomeCheckTests */ = {
			isa = PBXGroup;
			children = (
				3FEDEDBD1E75E0E6005B79AF /* HomeCheckTests.swift */,
				3FEDEDBF1E75E0E6005B79AF /* Info.plist */,
			);
			path = HomeCheckTests;
			sourceTree = "<group>";
		};
		3FEDEDC71E75E0E6005B79AF /* HomeCheckUITests */ = {
			isa = PBXGroup;
			children = (
				3FEDEDC81E75E0E6005B79AF /* HomeCheckUITests.swift */,
				3FEDEDCA1E75E0E6005B79AF /* Info.plist */,
			);
			path = HomeCheckUITests;
			sourceTree = "<group>";
		};
/* End PBXGroup section */

/* Begin PBXNativeTarget section */
		3FEDEDA41E75E0E5005B79AF /* HomeCheck */ = {
			isa = PBXNativeTarget;
			buildConfigurationList = 3FEDEDCD1E75E0E6005B79AF /* Build configuration list for PBXNativeTarget "HomeCheck" */;
			buildPhases = (
				3FEDEDA11E75E0E5005B79AF /* Sources */,
				3FEDEDA21E75E0E5005B79AF /* Frameworks */,
				3FEDEDA31E75E0E5005B79AF /* Resources */,
			);
			buildRules = (
			);
			dependencies = (
			);
			name = HomeCheck;
			productName = HomeCheck;
			productReference = 3FEDEDA51E75E0E5005B79AF /* HomeCheck.app */;
			productType = "com.apple.product-type.application";
		};
		3FEDEDB81E75E0E6005B79AF /* HomeCheckTests */ = {
			isa = PBXNativeTarget;
			buildConfigurationList = 3FEDEDD01E75E0E6005B79AF /* Build configuration list for PBXNativeTarget "HomeCheckTests" */;
			buildPhases = (
				3FEDEDB51E75E0E6005B79AF /* Sources */,
				3FEDEDB61E75E0E6005B79AF /* Frameworks */,
				3FEDEDB71E75E0E6005B79AF /* Resources */,
			);
			buildRules = (
			);
			dependencies = (
				3FEDEDBB1E75E0E6005B79AF /* PBXTargetDependency */,
			);
			name = HomeCheckTests;
			productName = HomeCheckTests;
			productReference = 3FEDEDB91E75E0E6005B79AF /* HomeCheckTests.xctest */;
			productType = "com.apple.product-type.bundle.unit-test";
		};
		3FEDEDC31E75E0E6005B79AF /* HomeCheckUITests */ = {
			isa = PBXNativeTarget;
			buildConfigurationList = 3FEDEDD31E75E0E6005B79AF /* Build configuration list for PBXNativeTarget "HomeCheckUITests" */;
			buildPhases = (
				3FEDEDC01E75E0E6005B79AF /* Sources */,
				3FEDEDC11E75E0E6005B79AF /* Frameworks */,
				3FEDEDC21E75E0E6005B79AF /* Resources */,
			);
			buildRules = (
			);
			dependencies = (
				3FEDEDC61E75E0E6005B79AF /* PBXTargetDependency */,
			);
			name = HomeCheckUITests;
			productName = HomeCheckUITests;
			productReference = 3FEDEDC41E75E0E6005B79AF /* HomeCheckUITests.xctest */;
			productType = "com.apple.product-type.bundle.ui-testing";
		};
/* End PBXNativeTarget section */

/* Begin PBXProject section */
		3FEDED9D1E75E0E5005B79AF /* Project object */ = {
			isa = PBXProject;
			attributes = {
				LastSwiftUpdateCheck = 0820;
				LastUpgradeCheck = 0820;
				ORGANIZATIONNAME = "Rohan Katakam";
				TargetAttributes = {
					3FEDEDA41E75E0E5005B79AF = {
						CreatedOnToolsVersion = 8.2.1;
						DevelopmentTeam = 3U6GMB8U4J;
						ProvisioningStyle = Automatic;
					};
					3FEDEDB81E75E0E6005B79AF = {
						CreatedOnToolsVersion = 8.2.1;
						DevelopmentTeam = 3U6GMB8U4J;
						ProvisioningStyle = Automatic;
						TestTargetID = 3FEDEDA41E75E0E5005B79AF;
					};
					3FEDEDC31E75E0E6005B79AF = {
						CreatedOnToolsVersion = 8.2.1;
						DevelopmentTeam = 3U6GMB8U4J;
						ProvisioningStyle = Automatic;
						TestTargetID = 3FEDEDA41E75E0E5005B79AF;
					};
				};
			};
			buildConfigurationList = 3FEDEDA01E75E0E5005B79AF /* Build configuration list for PBXProject "HomeCheck" */;
			compatibilityVersion = "Xcode 3.2";
			developmentRegion = English;
			hasScannedForEncodings = 0;
			knownRegions = (
				en,
				Base,
			);
			mainGroup = 3FEDED9C1E75E0E5005B79AF;
			productRefGroup = 3FEDEDA61E75E0E5005B79AF /* Products */;
			projectDirPath = "";
			projectRoot = "";
			targets = (
				3FEDEDA41E75E0E5005B79AF /* HomeCheck */,
				3FEDEDB81E75E0E6005B79AF /* HomeCheckTests */,
				3FEDEDC31E75E0E6005B79AF /* HomeCheckUITests */,
			);
		};
/* End PBXProject section */

/* Begin PBXResourcesBuildPhase section */
		3FEDEDA31E75E0E5005B79AF /* Resources */ = {
			isa = PBXResourcesBuildPhase;
			buildActionMask = 2147483647;
			files = (
				3FEDEDB31E75E0E5005B79AF /* LaunchScreen.storyboard in Resources */,
				3FEDEDB01E75E0E5005B79AF /* Assets.xcassets in Resources */,
				3FEDEDAE1E75E0E5005B79AF /* Main.storyboard in Resources */,
			);
			runOnlyForDeploymentPostprocessing = 0;
		};
		3FEDEDB71E75E0E6005B79AF /* Resources */ = {
			isa = PBXResourcesBuildPhase;
			buildActionMask = 2147483647;
			files = (
			);
			runOnlyForDeploymentPostprocessing = 0;
		};
		3FEDEDC21E75E0E6005B79AF /* Resources */ = {
			isa = PBXResourcesBuildPhase;
			buildActionMask = 2147483647;
			files = (
			);
			runOnlyForDeploymentPostprocessing = 0;
		};
/* End PBXResourcesBuildPhase section */

/* Begin PBXSourcesBuildPhase section */
		3FEDEDA11E75E0E5005B79AF /* Sources */ = {
			isa = PBXSourcesBuildPhase;
			buildActionMask = 2147483647;
			files = (
				3FEDEDAB1E75E0E5005B79AF /* ViewController.swift in Sources */,
				3FEDEDA91E75E0E5005B79AF /* AppDelegate.swift in Sources */,
			);
			runOnlyForDeploymentPostprocessing = 0;
		};
		3FEDEDB51E75E0E6005B79AF /* Sources */ = {
			isa = PBXSourcesBuildPhase;
			buildActionMask = 2147483647;
			files = (
				3FEDEDBE1E75E0E6005B79AF /* HomeCheckTests.swift in Sources */,
			);
			runOnlyForDeploymentPostprocessing = 0;
		};
		3FEDEDC01E75E0E6005B79AF /* Sources */ = {
			isa = PBXSourcesBuildPhase;
			buildActionMask = 2147483647;
			files = (
				3FEDEDC91E75E0E6005B79AF /* HomeCheckUITests.swift in Sources */,
			);
			runOnlyForDeploymentPostprocessing = 0;
		};
/* End PBXSourcesBuildPhase section */

/* Begin PBXTargetDependency section */
		3FEDEDBB1E75E0E6005B79AF /* PBXTargetDependency */ = {
			isa = PBXTargetDependency;
			target = 3FEDEDA41E75E0E5005B79AF /* HomeCheck */;
			targetProxy = 3FEDEDBA1E75E0E6005B79AF /* PBXContainerItemProxy */;
		};
		3FEDEDC61E75E0E6005B79AF /* PBXTargetDependency */ = {
			isa = PBXTargetDependency;
			target = 3FEDEDA41E75E0E5005B79AF /* HomeCheck */;
			targetProxy = 3FEDEDC51E75E0E6005B79AF /* PBXContainerItemProxy */;
		};
/* End PBXTargetDependency section */

/* Begin PBXVariantGroup section */
		3FEDEDAC1E75E0E5005B79AF /* Main.storyboard */ = {
			isa = PBXVariantGroup;
			children = (
				3FEDEDAD1E75E0E5005B79AF /* Base */,
			);
			name = Main.storyboard;
			sourceTree = "<group>";
		};
		3FEDEDB11E75E0E5005B79AF /* LaunchScreen.storyboard */ = {
			isa = PBXVariantGroup;
			children = (
				3FEDEDB21E75E0E5005B79AF /* Base */,
			);
			name = LaunchScreen.storyboard;
			sourceTree = "<group>";
		};
/* End PBXVariantGroup section */

/* Begin XCBuildConfiguration section */
		3FEDEDCB1E75E0E6005B79AF /* Debug */ = {
			isa = XCBuildConfiguration;
			buildSettings = {
				ALWAYS_SEARCH_USER_PATHS = NO;
				CLANG_ANALYZER_NONNULL = YES;
				CLANG_CXX_LANGUAGE_STANDARD = "gnu++0x";
				CLANG_CXX_LIBRARY = "libc++";
				CLANG_ENABLE_MODULES = YES;
				CLANG_ENABLE_OBJC_ARC = YES;
				CLANG_WARN_BOOL_CONVERSION = YES;
				CLANG_WARN_CONSTANT_CONVERSION = YES;
				CLANG_WARN_DIRECT_OBJC_ISA_USAGE = YES_ERROR;
				CLANG_WARN_DOCUMENTATION_COMMENTS = YES;
				CLANG_WARN_EMPTY_BODY = YES;
				CLANG_WARN_ENUM_CONVERSION = YES;
				CLANG_WARN_INFINITE_RECURSION = YES;
				CLANG_WARN_INT_CONVERSION = YES;
				CLANG_WARN_OBJC_ROOT_CLASS = YES_ERROR;
				CLANG_WARN_SUSPICIOUS_MOVE = YES;
				CLANG_WARN_UNREACHABLE_CODE = YES;
				CLANG_WARN__DUPLICATE_METHOD_MATCH = YES;
				"CODE_SIGN_IDENTITY[sdk=iphoneos*]" = "iPhone Developer";
				COPY_PHASE_STRIP = NO;
				DEBUG_INFORMATION_FORMAT = dwarf;
				ENABLE_STRICT_OBJC_MSGSEND = YES;
				ENABLE_TESTABILITY = YES;
				GCC_C_LANGUAGE_STANDARD = gnu99;
				GCC_DYNAMIC_NO_PIC = NO;
				GCC_NO_COMMON_BLOCKS = YES;
				GCC_OPTIMIZATION_LEVEL = 0;
				GCC_PREPROCESSOR_DEFINITIONS = (
					"DEBUG=1",
					"$(inherited)",
				);
				GCC_WARN_64_TO_32_BIT_CONVERSION = YES;
				GCC_WARN_ABOUT_RETURN_TYPE = YES_ERROR;
				GCC_WARN_UNDECLARED_SELECTOR = YES;
				GCC_WARN_UNINITIALIZED_AUTOS = YES_AGGRESSIVE;
				GCC_WARN_UNUSED_FUNCTION = YES;
				GCC_WARN_UNUSED_VARIABLE = YES;
				IPHONEOS_DEPLOYMENT_TARGET = 10.2;
				MTL_ENABLE_DEBUG_INFO = YES;
				ONLY_ACTIVE_ARCH = YES;
				SDKROOT = iphoneos;
				SWIFT_ACTIVE_COMPILATION_CONDITIONS = DEBUG;
				SWIFT_OPTIMIZATION_LEVEL = "-Onone";
			};
			name = Debug;
		};
		3FEDEDCC1E75E0E6005B79AF /* Release */ = {
			isa = XCBuildConfiguration;
			buildSettings = {
				ALWAYS_SEARCH_USER_PATHS = NO;
				CLANG_ANALYZER_NONNULL = YES;
				CLANG_CXX_LANGUAGE_STANDARD = "gnu++0x";
				CLANG_CXX_LIBRARY = "libc++";
				CLANG_ENABLE_MODULES = YES;
				CLANG_ENABLE_OBJC_ARC = YES;
				CLANG_WARN_BOOL_CONVERSION = YES;
				CLANG_WARN_CONSTANT_CONVERSION = YES;
				CLANG_WARN_DIRECT_OBJC_ISA_USAGE = YES_ERROR;
				CLANG_WARN_DOCUMENTATION_COMMENTS = YES;
				CLANG_WARN_EMPTY_BODY = YES;
				CLANG_WARN_ENUM_CONVERSION = YES;
				CLANG_WARN_INFINITE_RECURSION = YES;
				CLANG_WARN_INT_CONVERSION = YES;
				CLANG_WARN_OBJC_ROOT_CLASS = YES_ERROR;
				CLANG_WARN_SUSPICIOUS_MOVE = YES;
				CLANG_WARN_UNREACHABLE_CODE = YES;
				CLANG_WARN__DUPLICATE_METHOD_MATCH = YES;
				"CODE_SIGN_IDENTITY[sdk=iphoneos*]" = "iPhone Developer";
				COPY_PHASE_STRIP = NO;
				DEBUG_INFORMATION_FORMAT = "dwarf-with-dsym";
				ENABLE_NS_ASSERTIONS = NO;
				ENABLE_STRICT_OBJC_MSGSEND = YES;
				GCC_C_LANGUAGE_STANDARD = gnu99;
				GCC_NO_COMMON_BLOCKS = YES;
				GCC_WARN_64_TO_32_BIT_CONVERSION = YES;
				GCC_WARN_ABOUT_RETURN_TYPE = YES_ERROR;
				GCC_WARN_UNDECLARED_SELECTOR = YES;
				GCC_WARN_UNINITIALIZED_AUTOS = YES_AGGRESSIVE;
				GCC_WARN_UNUSED_FUNCTION = YES;
				GCC_WARN_UNUSED_VARIABLE = YES;
				IPHONEOS_DEPLOYMENT_TARGET = 10.2;
				MTL_ENABLE_DEBUG_INFO = NO;
				SDKROOT = iphoneos;
				SWIFT_OPTIMIZATION_LEVEL = "-Owholemodule";
				VALIDATE_PRODUCT = YES;
			};
			name = Release;
		};
		3FEDEDCE1E75E0E6005B79AF /* Debug */ = {
			isa = XCBuildConfiguration;
			buildSettings = {
				ASSETCATALOG_COMPILER_APPICON_NAME = AppIcon;
				DEVELOPMENT_TEAM = 3U6GMB8U4J;
				INFOPLIST_FILE = HomeCheck/Info.plist;
				LD_RUNPATH_SEARCH_PATHS = "$(inherited) @executable_path/Frameworks";
				PRODUCT_BUNDLE_IDENTIFIER = com.rohankatakam.HomeCheck;
				PRODUCT_NAME = "$(TARGET_NAME)";
				SWIFT_VERSION = 3.0;
			};
			name = Debug;
		};
		3FEDEDCF1E75E0E6005B79AF /* Release */ = {
			isa = XCBuildConfiguration;
			buildSettings = {
				ASSETCATALOG_COMPILER_APPICON_NAME = AppIcon;
				DEVELOPMENT_TEAM = 3U6GMB8U4J;
				INFOPLIST_FILE = HomeCheck/Info.plist;
				LD_RUNPATH_SEARCH_PATHS = "$(inherited) @executable_path/Frameworks";
				PRODUCT_BUNDLE_IDENTIFIER = com.rohankatakam.HomeCheck;
				PRODUCT_NAME = "$(TARGET_NAME)";
				SWIFT_VERSION = 3.0;
			};
			name = Release;
		};
		3FEDEDD11E75E0E6005B79AF /* Debug */ = {
			isa = XCBuildConfiguration;
			buildSettings = {
				ALWAYS_EMBED_SWIFT_STANDARD_LIBRARIES = YES;
				BUNDLE_LOADER = "$(TEST_HOST)";
				DEVELOPMENT_TEAM = 3U6GMB8U4J;
				INFOPLIST_FILE = HomeCheckTests/Info.plist;
				LD_RUNPATH_SEARCH_PATHS = "$(inherited) @executable_path/Frameworks @loader_path/Frameworks";
				PRODUCT_BUNDLE_IDENTIFIER = com.rohankatakam.HomeCheckTests;
				PRODUCT_NAME = "$(TARGET_NAME)";
				SWIFT_VERSION = 3.0;
				TEST_HOST = "$(BUILT_PRODUCTS_DIR)/HomeCheck.app/HomeCheck";
			};
			name = Debug;
		};
		3FEDEDD21E75E0E6005B79AF /* Release */ = {
			isa = XCBuildConfiguration;
			buildSettings = {
				ALWAYS_EMBED_SWIFT_STANDARD_LIBRARIES = YES;
				BUNDLE_LOADER = "$(TEST_HOST)";
				DEVELOPMENT_TEAM = 3U6GMB8U4J;
				INFOPLIST_FILE = HomeCheckTests/Info.plist;
				LD_RUNPATH_SEARCH_PATHS = "$(inherited) @executable_path/Frameworks @loader_path/Frameworks";
				PRODUCT_BUNDLE_IDENTIFIER = com.rohankatakam.HomeCheckTests;
				PRODUCT_NAME = "$(TARGET_NAME)";
				SWIFT_VERSION = 3.0;
				TEST_HOST = "$(BUILT_PRODUCTS_DIR)/HomeCheck.app/HomeCheck";
			};
			name = Release;
		};
		3FEDEDD41E75E0E6005B79AF /* Debug */ = {
			isa = XCBuildConfiguration;
			buildSettings = {
				ALWAYS_EMBED_SWIFT_STANDARD_LIBRARIES = YES;
				DEVELOPMENT_TEAM = 3U6GMB8U4J;
				INFOPLIST_FILE = HomeCheckUITests/Info.plist;
				LD_RUNPATH_SEARCH_PATHS = "$(inherited) @executable_path/Frameworks @loader_path/Frameworks";
				PRODUCT_BUNDLE_IDENTIFIER = com.rohankatakam.HomeCheckUITests;
				PRODUCT_NAME = "$(TARGET_NAME)";
				SWIFT_VERSION = 3.0;
				TEST_TARGET_NAME = HomeCheck;
			};
			name = Debug;
		};
		3FEDEDD51E75E0E6005B79AF /* Release */ = {
			isa = XCBuildConfiguration;
			buildSettings = {
				ALWAYS_EMBED_SWIFT_STANDARD_LIBRARIES = YES;
				DEVELOPMENT_TEAM = 3U6GMB8U4J;
				INFOPLIST_FILE = HomeCheckUITests/Info.plist;
				LD_RUNPATH_SEARCH_PATHS = "$(inherited) @executable_path/Frameworks @loader_path/Frameworks";
				PRODUCT_BUNDLE_IDENTIFIER = com.rohankatakam.HomeCheckUITests;
				PRODUCT_NAME = "$(TARGET_NAME)";
				SWIFT_VERSION = 3.0;
				TEST_TARGET_NAME = HomeCheck;
			};
			name = Release;
		};
/* End XCBuildConfiguration section */

/* Begin XCConfigurationList section */
		3FEDEDA01E75E0E5005B79AF /* Build configuration list for PBXProject "HomeCheck" */ = {
			isa = XCConfigurationList;
			buildConfigurations = (
				3FEDEDCB1E75E0E6005B79AF /* Debug */,
				3FEDEDCC1E75E0E6005B79AF /* Release */,
			);
			defaultConfigurationIsVisible = 0;
			defaultConfigurationName = Release;
		};
		3FEDEDCD1E75E0E6005B79AF /* Build configuration list for PBXNativeTarget "HomeCheck" */ = {
			isa = XCConfigurationList;
			buildConfigurations = (
				3FEDEDCE1E75E0E6005B79AF /* Debug */,
				3FEDEDCF1E75E0E6005B79AF /* Release */,
			);
			defaultConfigurationIsVisible = 0;
		};
		3FEDEDD01E75E0E6005B79AF /* Build configuration list for PBXNativeTarget "HomeCheckTests" */ = {
			isa = XCConfigurationList;
			buildConfigurations = (
				3FEDEDD11E75E0E6005B79AF /* Debug */,
				3FEDEDD21E75E0E6005B79AF /* Release */,
			);
			defaultConfigurationIsVisible = 0;
		};
		3FEDEDD31E75E0E6005B79AF /* Build configuration list for PBXNativeTarget "HomeCheckUITests" */ = {
			isa = XCConfigurationList;
			buildConfigurations = (
				3FEDEDD41E75E0E6005B79AF /* Debug */,
				3FEDEDD51E75E0E6005B79AF /* Release */,
			);
			defaultConfigurationIsVisible = 0;
		};
/* End XCConfigurationList section */
	};
	rootObject = 3FEDED9D1E75E0E5005B79AF /* Project object */;
}
